{
  "name": "stuff",
  "version": "1.0.0",
  "lockfileVersion": 3,
  "requires": true,
  "packages": {
    "": {
      "name": "stuff",
      "version": "1.0.0",
      "license": "ISC",
      "dependencies": {
        "artplayer-plugin-dash-control": "^1.0.0"
      }
    },
    "node_modules/artplayer-plugin-dash-control": {
      "version": "1.0.0",
      "resolved": "https://registry.npmjs.org/artplayer-plugin-dash-control/-/artplayer-plugin-dash-control-1.0.0.tgz",
      "integrity": "sha512-Ui6oZxFjd8bdikKeevn86aWATcfC+rpBDquqIwf4/ixhWWF4d+QtRGNB8Rst6aQbRNqv+tl3yZnG8hBLxCqP0A==",
      "license": "MIT"
    }
  }
}
